
Microsoft Visual Studio Solution File, Format Version 12.00
# Visual Studio Version 17
VisualStudioVersion = 17.3.32929.385
MinimumVisualStudioVersion = 10.0.40219.1
Project("{FAE04EC0-301F-11D3-BF4B-00C04F79EFBC}") = "MastersPOS", "MastersPOS\MastersPOS.csproj", "{2F2830C0-CB1C-4B16-B0B5-34B857919CD5}"
EndProject
Project("{FAE04EC0-301F-11D3-BF4B-00C04F79EFBC}") = "MasterPOS.Functions", "MasterPOS.Functions\MasterPOS.Functions.csproj", "{8FB1827C-F0F3-4522-91F4-97ED3FF89DCD}"
EndProject
Project("{FAE04EC0-301F-11D3-BF4B-00C04F79EFBC}") = "MasterPOS.FunctionsTests", "MasterPOS.FunctionsTests\MasterPOS.FunctionsTests.csproj", "{9F619A1D-6EA5-458C-9D59-9F4CE2FCED78}"
EndProject
Global
	GlobalSection(SolutionConfigurationPlatforms) = preSolution
		Debug|Any CPU = Debug|Any CPU
		Release|Any CPU = Release|Any CPU
	EndGlobalSection
	GlobalSection(ProjectConfigurationPlatforms) = postSolution
		{2F2830C0-CB1C-4B16-B0B5-34B857919CD5}.Debug|Any CPU.ActiveCfg = Debug|Any CPU
		{2F2830C0-CB1C-4B16-B0B5-34B857919CD5}.Debug|Any CPU.Build.0 = Debug|Any CPU
		{2F2830C0-CB1C-4B16-B0B5-34B857919CD5}.Release|Any CPU.ActiveCfg = Release|Any CPU
		{2F2830C0-CB1C-4B16-B0B5-34B857919CD5}.Release|Any CPU.Build.0 = Release|Any CPU
		{8FB1827C-F0F3-4522-91F4-97ED3FF89DCD}.Debug|Any CPU.ActiveCfg = Debug|Any CPU
		{8FB1827C-F0F3-4522-91F4-97ED3FF89DCD}.Debug|Any CPU.Build.0 = Debug|Any CPU
		{8FB1827C-F0F3-4522-91F4-97ED3FF89DCD}.Release|Any CPU.ActiveCfg = Release|Any CPU
		{8FB1827C-F0F3-4522-91F4-97ED3FF89DCD}.Release|Any CPU.Build.0 = Release|Any CPU
		{9F619A1D-6EA5-458C-9D59-9F4CE2FCED78}.Debug|Any CPU.ActiveCfg = Debug|Any CPU
		{9F619A1D-6EA5-458C-9D59-9F4CE2FCED78}.Debug|Any CPU.Build.0 = Debug|Any CPU
		{9F619A1D-6EA5-458C-9D59-9F4CE2FCED78}.Release|Any CPU.ActiveCfg = Release|Any CPU
		{9F619A1D-6EA5-458C-9D59-9F4CE2FCED78}.Release|Any CPU.Build.0 = Release|Any CPU
	EndGlobalSection
	GlobalSection(SolutionProperties) = preSolution
		HideSolutionNode = FALSE
	EndGlobalSection
	GlobalSection(ExtensibilityGlobals) = postSolution
		SolutionGuid = {5DFA865C-0584-4F21-AC06-D9FC210F2DBD}
	EndGlobalSection
EndGlobal
